{
  "name": "webview",
  "version": "0.0.1",
  "lockfileVersion": 1,
  "requires": true,
  "dependencies": {
    "@types/dagre": {
      "version": "0.7.44",
      "resolved": "https://registry.npmjs.org/@types/dagre/-/dagre-0.7.44.tgz",
      "integrity": "sha512-N6HD+79w77ZVAaVO7JJDW5yJ9LAxM62FpgNGO9xEde+KVYjDRyhIMzfiErXpr1g0JPon9kwlBzoBK6s4fOww9Q==",
      "dev": true
    }
  }
}
